
Microsoft Visual Studio Solution File, Format Version 12.00
# Visual Studio Version 16
VisualStudioVersion = 16.0.29728.190
MinimumVisualStudioVersion = 10.0.40219.1
Project("{9A19103F-16F7-4668-BE54-9A1E7A4F7556}") = "ZAD1-2", "ZAD1-2\ZAD1-2.csproj", "{A66C0925-682E-4C64-85B2-109D483CD7A2}"
EndProject
Project("{FAE04EC0-301F-11D3-BF4B-00C04F79EFBC}") = "ZAD3_5", "ZAD3_5\ZAD3_5.csproj", "{530F3C1B-1E46-4A12-BF0A-3BFD8717B6ED}"
EndProject
Project("{FAE04EC0-301F-11D3-BF4B-00C04F79EFBC}") = "ZAD6_7", "ZAD6_7\ZAD6_7.csproj", "{183F86BC-B42E-4E57-9FE8-03C565A33A7D}"
EndProject
Global
	GlobalSection(SolutionConfigurationPlatforms) = preSolution
		Debug|Any CPU = Debug|Any CPU
		Release|Any CPU = Release|Any CPU
	EndGlobalSection
	GlobalSection(ProjectConfigurationPlatforms) = postSolution
		{A66C0925-682E-4C64-85B2-109D483CD7A2}.Debug|Any CPU.ActiveCfg = Debug|Any CPU
		{A66C0925-682E-4C64-85B2-109D483CD7A2}.Debug|Any CPU.Build.0 = Debug|Any CPU
		{A66C0925-682E-4C64-85B2-109D483CD7A2}.Release|Any CPU.ActiveCfg = Release|Any CPU
		{A66C0925-682E-4C64-85B2-109D483CD7A2}.Release|Any CPU.Build.0 = Release|Any CPU
		{530F3C1B-1E46-4A12-BF0A-3BFD8717B6ED}.Debug|Any CPU.ActiveCfg = Debug|Any CPU
		{530F3C1B-1E46-4A12-BF0A-3BFD8717B6ED}.Debug|Any CPU.Build.0 = Debug|Any CPU
		{530F3C1B-1E46-4A12-BF0A-3BFD8717B6ED}.Release|Any CPU.ActiveCfg = Release|Any CPU
		{530F3C1B-1E46-4A12-BF0A-3BFD8717B6ED}.Release|Any CPU.Build.0 = Release|Any CPU
		{183F86BC-B42E-4E57-9FE8-03C565A33A7D}.Debug|Any CPU.ActiveCfg = Debug|Any CPU
		{183F86BC-B42E-4E57-9FE8-03C565A33A7D}.Debug|Any CPU.Build.0 = Debug|Any CPU
		{183F86BC-B42E-4E57-9FE8-03C565A33A7D}.Release|Any CPU.ActiveCfg = Release|Any CPU
		{183F86BC-B42E-4E57-9FE8-03C565A33A7D}.Release|Any CPU.Build.0 = Release|Any CPU
	EndGlobalSection
	GlobalSection(SolutionProperties) = preSolution
		HideSolutionNode = FALSE
	EndGlobalSection
	GlobalSection(ExtensibilityGlobals) = postSolution
		SolutionGuid = {4B749697-66D4-4B32-BD8E-42791E9168F4}
	EndGlobalSection
EndGlobal
